// !$*UTF8*$!
{
	archiveVersion = 1;
	classes = {
	};
	objectVersion = 46;
	objects = {

/* Begin PBXBuildFile section */
		18949FD118A75E0C007CEB84 /* Foundation.framework in Frameworks */ = {isa = PBXBuildFile; fileRef = 18949FD018A75E0C007CEB84 /* Foundation.framework */; };
		18949FD318A75E0C007CEB84 /* CoreGraphics.framework in Frameworks */ = {isa = PBXBuildFile; fileRef = 18949FD218A75E0C007CEB84 /* CoreGraphics.framework */; };
		18949FD518A75E0C007CEB84 /* UIKit.framework in Frameworks */ = {isa = PBXBuildFile; fileRef = 18949FD418A75E0C007CEB84 /* UIKit.framework */; };
		18949FDB18A75E0C007CEB84 /* InfoPlist.strings in Resources */ = {isa = PBXBuildFile; fileRef = 18949FD918A75E0C007CEB84 /* InfoPlist.strings */; };
		18949FDD18A75E0C007CEB84 /* main.m in Sources */ = {isa = PBXBuildFile; fileRef = 18949FDC18A75E0C007CEB84 /* main.m */; };
		18949FE118A75E0C007CEB84 /* MCAppDelegate.m in Sources */ = {isa = PBXBuildFile; fileRef = 18949FE018A75E0C007CEB84 /* MCAppDelegate.m */; };
		18949FE418A75E0C007CEB84 /* Main.storyboard in Resources */ = {isa = PBXBuildFile; fileRef = 18949FE218A75E0C007CEB84 /* Main.storyboard */; };
		18949FE718A75E0C007CEB84 /* MCViewController.m in Sources */ = {isa = PBXBuildFile; fileRef = 18949FE618A75E0C007CEB84 /* MCViewController.m */; };
		18949FE918A75E0D007CEB84 /* Images.xcassets in Resources */ = {isa = PBXBuildFile; fileRef = 18949FE818A75E0D007CEB84 /* Images.xcassets */; };
		18949FF018A75E0D007CEB84 /* XCTest.framework in Frameworks */ = {isa = PBXBuildFile; fileRef = 18949FEF18A75E0D007CEB84 /* XCTest.framework */; };
		18949FF118A75E0D007CEB84 /* Foundation.framework in Frameworks */ = {isa = PBXBuildFile; fileRef = 18949FD018A75E0C007CEB84 /* Foundation.framework */; };
		18949FF218A75E0D007CEB84 /* UIKit.framework in Frameworks */ = {isa = PBXBuildFile; fileRef = 18949FD418A75E0C007CEB84 /* UIKit.framework */; };
		18949FFA18A75E0D007CEB84 /* InfoPlist.strings in Resources */ = {isa = PBXBuildFile; fileRef = 18949FF818A75E0D007CEB84 /* InfoPlist.strings */; };
		18949FFC18A75E0D007CEB84 /* MyCalculatorTests.m in Sources */ = {isa = PBXBuildFile; fileRef = 18949FFB18A75E0D007CEB84 /* MyCalculatorTests.m */; };
		1894A00D18A7BADA007CEB84 /* MCCalculatorCore.m in Sources */ = {isa = PBXBuildFile; fileRef = 1894A00C18A7BADA007CEB84 /* MCCalculatorCore.m */; };
		189FD25618A8810B0074B2F7 /* MCButton.m in Sources */ = {isa = PBXBuildFile; fileRef = 189FD25518A8810B0074B2F7 /* MCButton.m */; };
		18BEFC951C400F420038AB60 /* Launch Screen.storyboard in Resources */ = {isa = PBXBuildFile; fileRef = 18BEFC941C400F420038AB60 /* Launch Screen.storyboard */; };
/* End PBXBuildFile section */

/* Begin PBXContainerItemProxy section */
		18949FF318A75E0D007CEB84 /* PBXContainerItemProxy */ = {
			isa = PBXContainerItemProxy;
			containerPortal = 18949FC518A75E0C007CEB84 /* Project object */;
			proxyType = 1;
			remoteGlobalIDString = 18949FCC18A75E0C007CEB84;
			remoteInfo = MyCalculator;
		};
/* End PBXContainerItemProxy section */

/* Begin PBXFileReference section */
		18949FCD18A75E0C007CEB84 /* MyCalculator.app */ = {isa = PBXFileReference; explicitFileType = wrapper.application; includeInIndex = 0; path = MyCalculator.app; sourceTree = BUILT_PRODUCTS_DIR; };
		18949FD018A75E0C007CEB84 /* Foundation.framework */ = {isa = PBXFileReference; lastKnownFileType = wrapper.framework; name = Foundation.framework; path = System/Library/Frameworks/Foundation.framework; sourceTree = SDKROOT; };
		18949FD218A75E0C007CEB84 /* CoreGraphics.framework */ = {isa = PBXFileReference; lastKnownFileType = wrapper.framework; name = CoreGraphics.framework; path = System/Library/Frameworks/CoreGraphics.framework; sourceTree = SDKROOT; };
		18949FD418A75E0C007CEB84 /* UIKit.framework */ = {isa = PBXFileReference; lastKnownFileType = wrapper.framework; name = UIKit.framework; path = System/Library/Frameworks/UIKit.framework; sourceTree = SDKROOT; };
		18949FD818A75E0C007CEB84 /* MyCalculator-Info.plist */ = {isa = PBXFileReference; lastKnownFileType = text.plist.xml; path = "MyCalculator-Info.plist"; sourceTree = "<group>"; };
		18949FDA18A75E0C007CEB84 /* en */ = {isa = PBXFileReference; lastKnownFileType = text.plist.strings; name = en; path = en.lproj/InfoPlist.strings; sourceTree = "<group>"; };
		18949FDC18A75E0C007CEB84 /* main.m */ = {isa = PBXFileReference; lastKnownFileType = sourcecode.c.objc; path = main.m; sourceTree = "<group>"; };
		18949FDE18A75E0C007CEB84 /* MyCalculator-Prefix.pch */ = {isa = PBXFileReference; lastKnownFileType = sourcecode.c.h; path = "MyCalculator-Prefix.pch"; sourceTree = "<group>"; };
		18949FDF18A75E0C007CEB84 /* MCAppDelegate.h */ = {isa = PBXFileReference; lastKnownFileType = sourcecode.c.h; path = MCAppDelegate.h; sourceTree = "<group>"; };
		18949FE018A75E0C007CEB84 /* MCAppDelegate.m */ = {isa = PBXFileReference; lastKnownFileType = sourcecode.c.objc; path = MCAppDelegate.m; sourceTree = "<group>"; };
		18949FE318A75E0C007CEB84 /* Base */ = {isa = PBXFileReference; lastKnownFileType = file.storyboard; name = Base; path = Base.lproj/Main.storyboard; sourceTree = "<group>"; };
		18949FE518A75E0C007CEB84 /* MCViewController.h */ = {isa = PBXFileReference; lastKnownFileType = sourcecode.c.h; path = MCViewController.h; sourceTree = "<group>"; };
		18949FE618A75E0C007CEB84 /* MCViewController.m */ = {isa = PBXFileReference; lastKnownFileType = sourcecode.c.objc; path = MCViewController.m; sourceTree = "<group>"; };
		18949FE818A75E0D007CEB84 /* Images.xcassets */ = {isa = PBXFileReference; lastKnownFileType = folder.assetcatalog; path = Images.xcassets; sourceTree = "<group>"; };
		18949FEE18A75E0D007CEB84 /* MyCalculatorTests.xctest */ = {isa = PBXFileReference; explicitFileType = wrapper.cfbundle; includeInIndex = 0; path = MyCalculatorTests.xctest; sourceTree = BUILT_PRODUCTS_DIR; };
		18949FEF18A75E0D007CEB84 /* XCTest.framework */ = {isa = PBXFileReference; lastKnownFileType = wrapper.framework; name = XCTest.framework; path = Library/Frameworks/XCTest.framework; sourceTree = DEVELOPER_DIR; };
		18949FF718A75E0D007CEB84 /* MyCalculatorTests-Info.plist */ = {isa = PBXFileReference; lastKnownFileType = text.plist.xml; path = "MyCalculatorTests-Info.plist"; sourceTree = "<group>"; };
		18949FF918A75E0D007CEB84 /* en */ = {isa = PBXFileReference; lastKnownFileType = text.plist.strings; name = en; path = en.lproj/InfoPlist.strings; sourceTree = "<group>"; };
		18949FFB18A75E0D007CEB84 /* MyCalculatorTests.m */ = {isa = PBXFileReference; lastKnownFileType = sourcecode.c.objc; path = MyCalculatorTests.m; sourceTree = "<group>"; };
		1894A00B18A7BADA007CEB84 /* MCCalculatorCore.h */ = {isa = PBXFileReference; fileEncoding = 4; lastKnownFileType = sourcecode.c.h; path = MCCalculatorCore.h; sourceTree = "<group>"; };
		1894A00C18A7BADA007CEB84 /* MCCalculatorCore.m */ = {isa = PBXFileReference; fileEncoding = 4; lastKnownFileType = sourcecode.c.objc; path = MCCalculatorCore.m; sourceTree = "<group>"; };
		189FD25418A8810B0074B2F7 /* MCButton.h */ = {isa = PBXFileReference; fileEncoding = 4; lastKnownFileType = sourcecode.c.h; path = MCButton.h; sourceTree = "<group>"; };
		189FD25518A8810B0074B2F7 /* MCButton.m */ = {isa = PBXFileReference; fileEncoding = 4; lastKnownFileType = sourcecode.c.objc; path = MCButton.m; sourceTree = "<group>"; };
		18BEFC941C400F420038AB60 /* Launch Screen.storyboard */ = {isa = PBXFileReference; fileEncoding = 4; lastKnownFileType = file.storyboard; path = "Launch Screen.storyboard"; sourceTree = "<group>"; };
/* End PBXFileReference section */

/* Begin PBXFrameworksBuildPhase section */
		18949FCA18A75E0C007CEB84 /* Frameworks */ = {
			isa = PBXFrameworksBuildPhase;
			buildActionMask = 2147483647;
			files = (
				18949FD318A75E0C007CEB84 /* CoreGraphics.framework in Frameworks */,
				18949FD518A75E0C007CEB84 /* UIKit.framework in Frameworks */,
				18949FD118A75E0C007CEB84 /* Foundation.framework in Frameworks */,
			);
			runOnlyForDeploymentPostprocessing = 0;
		};
		18949FEB18A75E0D007CEB84 /* Frameworks */ = {
			isa = PBXFrameworksBuildPhase;
			buildActionMask = 2147483647;
			files = (
				18949FF018A75E0D007CEB84 /* XCTest.framework in Frameworks */,
				18949FF218A75E0D007CEB84 /* UIKit.framework in Frameworks */,
				18949FF118A75E0D007CEB84 /* Foundation.framework in Frameworks */,
			);
			runOnlyForDeploymentPostprocessing = 0;
		};
/* End PBXFrameworksBuildPhase section */

/* Begin PBXGroup section */
		18949FC418A75E0C007CEB84 = {
			isa = PBXGroup;
			children = (
				18949FD618A75E0C007CEB84 /* MyCalculator */,
				18949FF518A75E0D007CEB84 /* MyCalculatorTests */,
				18949FCF18A75E0C007CEB84 /* Frameworks */,
				18949FCE18A75E0C007CEB84 /* Products */,
			);
			sourceTree = "<group>";
		};
		18949FCE18A75E0C007CEB84 /* Products */ = {
			isa = PBXGroup;
			children = (
				18949FCD18A75E0C007CEB84 /* MyCalculator.app */,
				18949FEE18A75E0D007CEB84 /* MyCalculatorTests.xctest */,
			);
			name = Products;
			sourceTree = "<group>";
		};
		18949FCF18A75E0C007CEB84 /* Frameworks */ = {
			isa = PBXGroup;
			children = (
				18949FD018A75E0C007CEB84 /* Foundation.framework */,
				18949FD218A75E0C007CEB84 /* CoreGraphics.framework */,
				18949FD418A75E0C007CEB84 /* UIKit.framework */,
				18949FEF18A75E0D007CEB84 /* XCTest.framework */,
			);
			name = Frameworks;
			sourceTree = "<group>";
		};
		18949FD618A75E0C007CEB84 /* MyCalculator */ = {
			isa = PBXGroup;
			children = (
				189FD25318A880E90074B2F7 /* Classes */,
				1894A00A18A7B908007CEB84 /* Model */,
				1894A00518A795C6007CEB84 /* Controller */,
				18949FDF18A75E0C007CEB84 /* MCAppDelegate.h */,
				18949FE018A75E0C007CEB84 /* MCAppDelegate.m */,
				18949FE218A75E0C007CEB84 /* Main.storyboard */,
				18949FE818A75E0D007CEB84 /* Images.xcassets */,
				18949FD718A75E0C007CEB84 /* Supporting Files */,
				18BEFC941C400F420038AB60 /* Launch Screen.storyboard */,
			);
			path = MyCalculator;
			sourceTree = "<group>";
		};
		18949FD718A75E0C007CEB84 /* Supporting Files */ = {
			isa = PBXGroup;
			children = (
				18949FD818A75E0C007CEB84 /* MyCalculator-Info.plist */,
				18949FD918A75E0C007CEB84 /* InfoPlist.strings */,
				18949FDC18A75E0C007CEB84 /* main.m */,
				18949FDE18A75E0C007CEB84 /* MyCalculator-Prefix.pch */,
			);
			name = "Supporting Files";
			sourceTree = "<group>";
		};
		18949FF518A75E0D007CEB84 /* MyCalculatorTests */ = {
			isa = PBXGroup;
			children = (
				18949FFB18A75E0D007CEB84 /* MyCalculatorTests.m */,
				18949FF618A75E0D007CEB84 /* Supporting Files */,
			);
			path = MyCalculatorTests;
			sourceTree = "<group>";
		};
		18949FF618A75E0D007CEB84 /* Supporting Files */ = {
			isa = PBXGroup;
			children = (
				18949FF718A75E0D007CEB84 /* MyCalculatorTests-Info.plist */,
				18949FF818A75E0D007CEB84 /* InfoPlist.strings */,
			);
			name = "Supporting Files";
			sourceTree = "<group>";
		};
		1894A00518A795C6007CEB84 /* Controller */ = {
			isa = PBXGroup;
			children = (
				18949FE518A75E0C007CEB84 /* MCViewController.h */,
				18949FE618A75E0C007CEB84 /* MCViewController.m */,
			);
			name = Controller;
			sourceTree = "<group>";
		};
		1894A00A18A7B908007CEB84 /* Model */ = {
			isa = PBXGroup;
			children = (
				1894A00B18A7BADA007CEB84 /* MCCalculatorCore.h */,
				1894A00C18A7BADA007CEB84 /* MCCalculatorCore.m */,
			);
			name = Model;
			sourceTree = "<group>";
		};
		189FD25318A880E90074B2F7 /* Classes */ = {
			isa = PBXGroup;
			children = (
				189FD25418A8810B0074B2F7 /* MCButton.h */,
				189FD25518A8810B0074B2F7 /* MCButton.m */,
			);
			name = Classes;
			sourceTree = "<group>";
		};
/* End PBXGroup section */

/* Begin PBXNativeTarget section */
		18949FCC18A75E0C007CEB84 /* MyCalculator */ = {
			isa = PBXNativeTarget;
			buildConfigurationList = 18949FFF18A75E0D007CEB84 /* Build configuration list for PBXNativeTarget "MyCalculator" */;
			buildPhases = (
				18949FC918A75E0C007CEB84 /* Sources */,
				18949FCA18A75E0C007CEB84 /* Frameworks */,
				18949FCB18A75E0C007CEB84 /* Resources */,
			);
			buildRules = (
			);
			dependencies = (
			);
			name = MyCalculator;
			productName = MyCalculator;
			productReference = 18949FCD18A75E0C007CEB84 /* MyCalculator.app */;
			productType = "com.apple.product-type.application";
		};
		18949FED18A75E0D007CEB84 /* MyCalculatorTests */ = {
			isa = PBXNativeTarget;
			buildConfigurationList = 1894A00218A75E0D007CEB84 /* Build configuration list for PBXNativeTarget "MyCalculatorTests" */;
			buildPhases = (
				18949FEA18A75E0D007CEB84 /* Sources */,
				18949FEB18A75E0D007CEB84 /* Frameworks */,
				18949FEC18A75E0D007CEB84 /* Resources */,
			);
			buildRules = (
			);
			dependencies = (
				18949FF418A75E0D007CEB84 /* PBXTargetDependency */,
			);
			name = MyCalculatorTests;
			productName = MyCalculatorTests;
			productReference = 18949FEE18A75E0D007CEB84 /* MyCalculatorTests.xctest */;
			productType = "com.apple.product-type.bundle.unit-test";
		};
/* End PBXNativeTarget section */

/* Begin PBXProject section */
		18949FC518A75E0C007CEB84 /* Project object */ = {
			isa = PBXProject;
			attributes = {
				CLASSPREFIX = MC;
				LastUpgradeCheck = 0500;
				ORGANIZATIONNAME = noark;
				TargetAttributes = {
					18949FCC18A75E0C007CEB84 = {
						DevelopmentTeam = BW6R7QC2YP;
					};
					18949FED18A75E0D007CEB84 = {
						TestTargetID = 18949FCC18A75E0C007CEB84;
					};
				};
			};
			buildConfigurationList = 18949FC818A75E0C007CEB84 /* Build configuration list for PBXProject "MyCalculator" */;
			compatibilityVersion = "Xcode 3.2";
			developmentRegion = English;
			hasScannedForEncodings = 0;
			knownRegions = (
				en,
				Base,
			);
			mainGroup = 18949FC418A75E0C007CEB84;
			productRefGroup = 18949FCE18A75E0C007CEB84 /* Products */;
			projectDirPath = "";
			projectRoot = "";
			targets = (
				18949FCC18A75E0C007CEB84 /* MyCalculator */,
				18949FED18A75E0D007CEB84 /* MyCalculatorTests */,
			);
		};
/* End PBXProject section */

/* Begin PBXResourcesBuildPhase section */
		18949FCB18A75E0C007CEB84 /* Resources */ = {
			isa = PBXResourcesBuildPhase;
			buildActionMask = 2147483647;
			files = (
				18949FE918A75E0D007CEB84 /* Images.xcassets in Resources */,
				18949FDB18A75E0C007CEB84 /* InfoPlist.strings in Resources */,
				18BEFC951C400F420038AB60 /* Launch Screen.storyboard in Resources */,
				18949FE418A75E0C007CEB84 /* Main.storyboard in Resources */,
			);
			runOnlyForDeploymentPostprocessing = 0;
		};
		18949FEC18A75E0D007CEB84 /* Resources */ = {
			isa = PBXResourcesBuildPhase;
			buildActionMask = 2147483647;
			files = (
				18949FFA18A75E0D007CEB84 /* InfoPlist.strings in Resources */,
			);
			runOnlyForDeploymentPostprocessing = 0;
		};
/* End PBXResourcesBuildPhase section */

/* Begin PBXSourcesBuildPhase section */
		18949FC918A75E0C007CEB84 /* Sources */ = {
			isa = PBXSourcesBuildPhase;
			buildActionMask = 2147483647;
			files = (
				18949FE118A75E0C007CEB84 /* MCAppDelegate.m in Sources */,
				18949FE718A75E0C007CEB84 /* MCViewController.m in Sources */,
				1894A00D18A7BADA007CEB84 /* MCCalculatorCore.m in Sources */,
				189FD25618A8810B0074B2F7 /* MCButton.m in Sources */,
				18949FDD18A75E0C007CEB84 /* main.m in Sources */,
			);
			runOnlyForDeploymentPostprocessing = 0;
		};
		18949FEA18A75E0D007CEB84 /* Sources */ = {
			isa = PBXSourcesBuildPhase;
			buildActionMask = 2147483647;
			files = (
				18949FFC18A75E0D007CEB84 /* MyCalculatorTests.m in Sources */,
			);
			runOnlyForDeploymentPostprocessing = 0;
		};
/* End PBXSourcesBuildPhase section */

/* Begin PBXTargetDependency section */
		18949FF418A75E0D007CEB84 /* PBXTargetDependency */ = {
			isa = PBXTargetDependency;
			target = 18949FCC18A75E0C007CEB84 /* MyCalculator */;
			targetProxy = 18949FF318A75E0D007CEB84 /* PBXContainerItemProxy */;
		};
/* End PBXTargetDependency section */

/* Begin PBXVariantGroup section */
		18949FD918A75E0C007CEB84 /* InfoPlist.strings */ = {
			isa = PBXVariantGroup;
			children = (
				18949FDA18A75E0C007CEB84 /* en */,
			);
			name = InfoPlist.strings;
			sourceTree = "<group>";
		};
		18949FE218A75E0C007CEB84 /* Main.storyboard */ = {
			isa = PBXVariantGroup;
			children = (
				18949FE318A75E0C007CEB84 /* Base */,
			);
			name = Main.storyboard;
			sourceTree = "<group>";
		};
		18949FF818A75E0D007CEB84 /* InfoPlist.strings */ = {
			isa = PBXVariantGroup;
			children = (
				18949FF918A75E0D007CEB84 /* en */,
			);
			name = InfoPlist.strings;
			sourceTree = "<group>";
		};
/* End PBXVariantGroup section */

/* Begin XCBuildConfiguration section */
		18949FFD18A75E0D007CEB84 /* Debug */ = {
			isa = XCBuildConfiguration;
			buildSettings = {
				ALWAYS_SEARCH_USER_PATHS = NO;
				ARCHS = "$(ARCHS_STANDARD_INCLUDING_64_BIT)";
				CLANG_CXX_LANGUAGE_STANDARD = "gnu++0x";
				CLANG_CXX_LIBRARY = "libc++";
				CLANG_ENABLE_MODULES = YES;
				CLANG_ENABLE_OBJC_ARC = YES;
				CLANG_WARN_BOOL_CONVERSION = YES;
				CLANG_WARN_CONSTANT_CONVERSION = YES;
				CLANG_WARN_DIRECT_OBJC_ISA_USAGE = YES_ERROR;
				CLANG_WARN_EMPTY_BODY = YES;
				CLANG_WARN_ENUM_CONVERSION = YES;
				CLANG_WARN_INT_CONVERSION = YES;
				CLANG_WARN_OBJC_ROOT_CLASS = YES_ERROR;
				CLANG_WARN__DUPLICATE_METHOD_MATCH = YES;
				"CODE_SIGN_IDENTITY[sdk=iphoneos*]" = "iPhone Developer";
				COPY_PHASE_STRIP = NO;
				GCC_C_LANGUAGE_STANDARD = gnu99;
				GCC_DYNAMIC_NO_PIC = NO;
				GCC_OPTIMIZATION_LEVEL = 0;
				GCC_PREPROCESSOR_DEFINITIONS = (
					"DEBUG=1",
					"$(inherited)",
				);
				GCC_SYMBOLS_PRIVATE_EXTERN = NO;
				GCC_WARN_64_TO_32_BIT_CONVERSION = YES;
				GCC_WARN_ABOUT_RETURN_TYPE = YES_ERROR;
				GCC_WARN_UNDECLARED_SELECTOR = YES;
				GCC_WARN_UNINITIALIZED_AUTOS = YES;
				GCC_WARN_UNUSED_FUNCTION = YES;
				GCC_WARN_UNUSED_VARIABLE = YES;
				IPHONEOS_DEPLOYMENT_TARGET = 7.0;
				ONLY_ACTIVE_ARCH = YES;
				SDKROOT = iphoneos;
			};
			name = Debug;
		};
		18949FFE18A75E0D007CEB84 /* Release */ = {
			isa = XCBuildConfiguration;
			buildSettings = {
				ALWAYS_SEARCH_USER_PATHS = NO;
				ARCHS = "$(ARCHS_STANDARD_INCLUDING_64_BIT)";
				CLANG_CXX_LANGUAGE_STANDARD = "gnu++0x";
				CLANG_CXX_LIBRARY = "libc++";
				CLANG_ENABLE_MODULES = YES;
				CLANG_ENABLE_OBJC_ARC = YES;
				CLANG_WARN_BOOL_CONVERSION = YES;
				CLANG_WARN_CONSTANT_CONVERSION = YES;
				CLANG_WARN_DIRECT_OBJC_ISA_USAGE = YES_ERROR;
				CLANG_WARN_EMPTY_BODY = YES;
				CLANG_WARN_ENUM_CONVERSION = YES;
				CLANG_WARN_INT_CONVERSION = YES;
				CLANG_WARN_OBJC_ROOT_CLASS = YES_ERROR;
				CLANG_WARN__DUPLICATE_METHOD_MATCH = YES;
				"CODE_SIGN_IDENTITY[sdk=iphoneos*]" = "iPhone Developer";
				COPY_PHASE_STRIP = YES;
				ENABLE_NS_ASSERTIONS = NO;
				GCC_C_LANGUAGE_STANDARD = gnu99;
				GCC_WARN_64_TO_32_BIT_CONVERSION = YES;
				GCC_WARN_ABOUT_RETURN_TYPE = YES_ERROR;
				GCC_WARN_UNDECLARED_SELECTOR = YES;
				GCC_WARN_UNINITIALIZED_AUTOS = YES;
				GCC_WARN_UNUSED_FUNCTION = YES;
				GCC_WARN_UNUSED_VARIABLE = YES;
				IPHONEOS_DEPLOYMENT_TARGET = 7.0;
				SDKROOT = iphoneos;
				VALIDATE_PRODUCT = YES;
			};
			name = Release;
		};
		1894A00018A75E0D007CEB84 /* Debug */ = {
			isa = XCBuildConfiguration;
			buildSettings = {
				ASSETCATALOG_COMPILER_APPICON_NAME = AppIcon;
				ASSETCATALOG_COMPILER_LAUNCHIMAGE_NAME = LaunchImage;
				CODE_SIGN_IDENTITY = "iPhone Developer";
				"CODE_SIGN_IDENTITY[sdk=iphoneos*]" = "iPhone Developer";
				GCC_PRECOMPILE_PREFIX_HEADER = YES;
				GCC_PREFIX_HEADER = "MyCalculator/MyCalculator-Prefix.pch";
				INFOPLIST_FILE = "MyCalculator/MyCalculator-Info.plist";
				IPHONEOS_DEPLOYMENT_TARGET = 7.0;
				PRODUCT_NAME = "$(TARGET_NAME)";
				PROVISIONING_PROFILE = "";
				WRAPPER_EXTENSION = app;
			};
			name = Debug;
		};
		1894A00118A75E0D007CEB84 /* Release */ = {
			isa = XCBuildConfiguration;
			buildSettings = {
				ASSETCATALOG_COMPILER_APPICON_NAME = AppIcon;
				ASSETCATALOG_COMPILER_LAUNCHIMAGE_NAME = LaunchImage;
				CODE_SIGN_IDENTITY = "iPhone Developer";
				"CODE_SIGN_IDENTITY[sdk=iphoneos*]" = "iPhone Developer";
				GCC_PRECOMPILE_PREFIX_HEADER = YES;
				GCC_PREFIX_HEADER = "MyCalculator/MyCalculator-Prefix.pch";
				INFOPLIST_FILE = "MyCalculator/MyCalculator-Info.plist";
				IPHONEOS_DEPLOYMENT_TARGET = 7.0;
				PRODUCT_NAME = "$(TARGET_NAME)";
				PROVISIONING_PROFILE = "";
				WRAPPER_EXTENSION = app;
			};
			name = Release;
		};
		1894A00318A75E0D007CEB84 /* Debug */ = {
			isa = XCBuildConfiguration;
			buildSettings = {
				ARCHS = "$(ARCHS_STANDARD_INCLUDING_64_BIT)";
				BUNDLE_LOADER = "$(BUILT_PRODUCTS_DIR)/MyCalculator.app/MyCalculator";
				FRAMEWORK_SEARCH_PATHS = (
					"$(SDKROOT)/Developer/Library/Frameworks",
					"$(inherited)",
					"$(DEVELOPER_FRAMEWORKS_DIR)",
				);
				GCC_PRECOMPILE_PREFIX_HEADER = YES;
				GCC_PREFIX_HEADER = "MyCalculator/MyCalculator-Prefix.pch";
				GCC_PREPROCESSOR_DEFINITIONS = (
					"DEBUG=1",
					"$(inherited)",
				);
				INFOPLIST_FILE = "MyCalculatorTests/MyCalculatorTests-Info.plist";
				PRODUCT_NAME = "$(TARGET_NAME)";
				TEST_HOST = "$(BUNDLE_LOADER)";
				WRAPPER_EXTENSION = xctest;
			};
			name = Debug;
		};
		1894A00418A75E0D007CEB84 /* Release */ = {
			isa = XCBuildConfiguration;
			buildSettings = {
				ARCHS = "$(ARCHS_STANDARD_INCLUDING_64_BIT)";
				BUNDLE_LOADER = "$(BUILT_PRODUCTS_DIR)/MyCalculator.app/MyCalculator";
				FRAMEWORK_SEARCH_PATHS = (
					"$(SDKROOT)/Developer/Library/Frameworks",
					"$(inherited)",
					"$(DEVELOPER_FRAMEWORKS_DIR)",
				);
				GCC_PRECOMPILE_PREFIX_HEADER = YES;
				GCC_PREFIX_HEADER = "MyCalculator/MyCalculator-Prefix.pch";
				INFOPLIST_FILE = "MyCalculatorTests/MyCalculatorTests-Info.plist";
				PRODUCT_NAME = "$(TARGET_NAME)";
				TEST_HOST = "$(BUNDLE_LOADER)";
				WRAPPER_EXTENSION = xctest;
			};
			name = Release;
		};
/* End XCBuildConfiguration section */

/* Begin XCConfigurationList section */
		18949FC818A75E0C007CEB84 /* Build configuration list for PBXProject "MyCalculator" */ = {
			isa = XCConfigurationList;
			buildConfigurations = (
				18949FFD18A75E0D007CEB84 /* Debug */,
				18949FFE18A75E0D007CEB84 /* Release */,
			);
			defaultConfigurationIsVisible = 0;
			defaultConfigurationName = Release;
		};
		18949FFF18A75E0D007CEB84 /* Build configuration list for PBXNativeTarget "MyCalculator" */ = {
			isa = XCConfigurationList;
			buildConfigurations = (
				1894A00018A75E0D007CEB84 /* Debug */,
				1894A00118A75E0D007CEB84 /* Release */,
			);
			defaultConfigurationIsVisible = 0;
			defaultConfigurationName = Release;
		};
		1894A00218A75E0D007CEB84 /* Build configuration list for PBXNativeTarget "MyCalculatorTests" */ = {
			isa = XCConfigurationList;
			buildConfigurations = (
				1894A00318A75E0D007CEB84 /* Debug */,
				1894A00418A75E0D007CEB84 /* Release */,
			);
			defaultConfigurationIsVisible = 0;
			defaultConfigurationName = Release;
		};
/* End XCConfigurationList section */
	};
	rootObject = 18949FC518A75E0C007CEB84 /* Project object */;
}
